{
  "name": "transport",
  "version": "1.0.0",
  "lockfileVersion": 3,
  "requires": true,
  "packages": {
    "": {
      "name": "transport",
      "version": "1.0.0",
      "license": "ISC",
      "dependencies": {
        "intl-tel-input": "^18.1.8"
      }
    },
    "node_modules/intl-tel-input": {
      "version": "18.1.8",
      "resolved": "https://registry.npmjs.org/intl-tel-input/-/intl-tel-input-18.1.8.tgz",
      "integrity": "sha512-dPrCYwmjkjJOMw0XfyET+jSvbS+GFh6sOAFV5NpHK+jQXoXz8xsQLAoLmzjGktl2o3QhgBhyLTaNGyN0ZEx3cA=="
    }
  }
}
